
Microsoft Visual Studio Solution File, Format Version 12.00
# Visual Studio Version 17
VisualStudioVersion = 17.10.35013.160
MinimumVisualStudioVersion = 10.0.40219.1
Project("{FAE04EC0-301F-11D3-BF4B-00C04F79EFBC}") = "RabbitMQ.Publisher", "..\RabbitMQ\RabbitMQ.Publisher\RabbitMQ.Publisher.csproj", "{4861E02A-AB3C-4CF2-B850-27B3DA7BFD67}"
EndProject
Project("{FAE04EC0-301F-11D3-BF4B-00C04F79EFBC}") = "RabbitMQ.Subscribe", "..\RabbitMQ\RabbitMQ.Subscribe\RabbitMQ.Subscribe.csproj", "{51E5E460-DD69-44DF-BF7A-5EBB36E776C9}"
EndProject
Global
	GlobalSection(SolutionConfigurationPlatforms) = preSolution
		Debug|Any CPU = Debug|Any CPU
		Release|Any CPU = Release|Any CPU
	EndGlobalSection
	GlobalSection(ProjectConfigurationPlatforms) = postSolution
		{4861E02A-AB3C-4CF2-B850-27B3DA7BFD67}.Debug|Any CPU.ActiveCfg = Debug|Any CPU
		{4861E02A-AB3C-4CF2-B850-27B3DA7BFD67}.Debug|Any CPU.Build.0 = Debug|Any CPU
		{4861E02A-AB3C-4CF2-B850-27B3DA7BFD67}.Release|Any CPU.ActiveCfg = Release|Any CPU
		{4861E02A-AB3C-4CF2-B850-27B3DA7BFD67}.Release|Any CPU.Build.0 = Release|Any CPU
		{51E5E460-DD69-44DF-BF7A-5EBB36E776C9}.Debug|Any CPU.ActiveCfg = Debug|Any CPU
		{51E5E460-DD69-44DF-BF7A-5EBB36E776C9}.Debug|Any CPU.Build.0 = Debug|Any CPU
		{51E5E460-DD69-44DF-BF7A-5EBB36E776C9}.Release|Any CPU.ActiveCfg = Release|Any CPU
		{51E5E460-DD69-44DF-BF7A-5EBB36E776C9}.Release|Any CPU.Build.0 = Release|Any CPU
	EndGlobalSection
	GlobalSection(SolutionProperties) = preSolution
		HideSolutionNode = FALSE
	EndGlobalSection
	GlobalSection(ExtensibilityGlobals) = postSolution
		SolutionGuid = {F0E3701C-1F2C-4AFB-A7A4-1A7C974DF860}
	EndGlobalSection
EndGlobal
